{
  "requires": true,
  "lockfileVersion": 1,
  "dependencies": {
    "@rdfjs/data-model": {
      "version": "1.1.2",
      "resolved": "https://registry.npmjs.org/@rdfjs/data-model/-/data-model-1.1.2.tgz",
      "integrity": "sha512-pk/G/JLYGaXesoBLvEmoC/ic0H3B79fTyS0Ujjh5YQB2DZW+mn05ZowFFv88rjB9jf7c1XE5XSmf8jzn6U0HHA==",
      "requires": {
        "@types/rdf-js": "^2.0.1"
      }
    },
    "@types/node": {
      "version": "14.0.11",
      "resolved": "https://registry.npmjs.org/@types/node/-/node-14.0.11.tgz",
      "integrity": "sha512-lCvvI24L21ZVeIiyIUHZ5Oflv1hhHQ5E1S25IRlKIXaRkVgmXpJMI3wUJkmym2bTbCe+WoIibQnMVAU3FguaOg=="
    },
    "@types/rdf-js": {
      "version": "2.0.12",
      "resolved": "https://registry.npmjs.org/@types/rdf-js/-/rdf-js-2.0.12.tgz",
      "integrity": "sha512-NBzHFHp2vHOJkPlSqzsOrkEsD9grKn+PdFjZieIw59pc0FlRG6WEQAjQZvHzFxJlYzC6ZDCFyTA1wBvUnnzUQw==",
      "requires": {
        "@types/node": "*"
      }
    },
    "rdfxml-streaming-parser": {
      "version": "1.3.6",
      "resolved": "https://registry.npmjs.org/rdfxml-streaming-parser/-/rdfxml-streaming-parser-1.3.6.tgz",
      "integrity": "sha512-t9uqmCiPjmMFMXQ3Va2rc4ePElhze63EUmXVLA05s40NQEvphj8I8Kl1qODBwHnxocdoc1yVQRsC6hVJAPHvPQ==",
      "requires": {
        "@rdfjs/data-model": "^1.1.2",
        "relative-to-absolute-iri": "^1.0.0",
        "sax": "^1.2.4"
      }
    },
    "relative-to-absolute-iri": {
      "version": "1.0.5",
      "resolved": "https://registry.npmjs.org/relative-to-absolute-iri/-/relative-to-absolute-iri-1.0.5.tgz",
      "integrity": "sha512-sHpUlpF3fRWtTcBa8uBIwQ+Z/YnjDjerocV3q0FrP8T9oZ3z6d61I12ZcGlGr9jW2cQbcCkErCT9XLcN18ZLaQ=="
    },
    "sax": {
      "version": "1.2.4",
      "resolved": "https://registry.npmjs.org/sax/-/sax-1.2.4.tgz",
      "integrity": "sha512-NqVDv9TpANUjFm0N8uM5GxL36UgKi9/atZw+x7YFnQ8ckwFGKrl4xX4yWtrey3UJm5nP1kUbnYgLopqWNSRhWw=="
    }
  }
}
